
Microsoft Visual Studio Solution File, Format Version 12.00
Project("{FAE04EC0-301F-11D3-BF4B-00C04F79EFBC}") = "Mindbox.Library", "Mindbox.Library\Mindbox.Library.csproj", "{C447C6CB-AC46-417C-97A2-FA7324BFE6BB}"
EndProject
Project("{FAE04EC0-301F-11D3-BF4B-00C04F79EFBC}") = "Mindbox.Tests", "Mindbox.Tests\Mindbox.Tests.csproj", "{D0875440-8A35-4991-8D79-07ADCC7B9D87}"
EndProject
Project("{FAE04EC0-301F-11D3-BF4B-00C04F79EFBC}") = "Mindbox.Main", "Mindbox.Main\Mindbox.Main.csproj", "{2F72ECE1-10A5-48EC-98DC-7A5E39343A61}"
EndProject
Global
	GlobalSection(SolutionConfigurationPlatforms) = preSolution
		Debug|Any CPU = Debug|Any CPU
		Release|Any CPU = Release|Any CPU
	EndGlobalSection
	GlobalSection(ProjectConfigurationPlatforms) = postSolution
		{C447C6CB-AC46-417C-97A2-FA7324BFE6BB}.Debug|Any CPU.ActiveCfg = Debug|Any CPU
		{C447C6CB-AC46-417C-97A2-FA7324BFE6BB}.Debug|Any CPU.Build.0 = Debug|Any CPU
		{C447C6CB-AC46-417C-97A2-FA7324BFE6BB}.Release|Any CPU.ActiveCfg = Release|Any CPU
		{C447C6CB-AC46-417C-97A2-FA7324BFE6BB}.Release|Any CPU.Build.0 = Release|Any CPU
		{D0875440-8A35-4991-8D79-07ADCC7B9D87}.Debug|Any CPU.ActiveCfg = Debug|Any CPU
		{D0875440-8A35-4991-8D79-07ADCC7B9D87}.Debug|Any CPU.Build.0 = Debug|Any CPU
		{D0875440-8A35-4991-8D79-07ADCC7B9D87}.Release|Any CPU.ActiveCfg = Release|Any CPU
		{D0875440-8A35-4991-8D79-07ADCC7B9D87}.Release|Any CPU.Build.0 = Release|Any CPU
		{2F72ECE1-10A5-48EC-98DC-7A5E39343A61}.Debug|Any CPU.ActiveCfg = Debug|Any CPU
		{2F72ECE1-10A5-48EC-98DC-7A5E39343A61}.Debug|Any CPU.Build.0 = Debug|Any CPU
		{2F72ECE1-10A5-48EC-98DC-7A5E39343A61}.Release|Any CPU.ActiveCfg = Release|Any CPU
		{2F72ECE1-10A5-48EC-98DC-7A5E39343A61}.Release|Any CPU.Build.0 = Release|Any CPU
	EndGlobalSection
EndGlobal
